
Microsoft Visual Studio Solution File, Format Version 12.00
# Visual Studio Version 17
VisualStudioVersion = 17.13.35931.197 d17.13
MinimumVisualStudioVersion = 10.0.40219.1
Project("{FAE04EC0-301F-11D3-BF4B-00C04F79EFBC}") = "c#_conditions_in_html", "c#_conditions_in_html.csproj", "{6B98C494-3D18-4DA2-ABBB-B85294527DFF}"
EndProject
Global
	GlobalSection(SolutionConfigurationPlatforms) = preSolution
		Debug|Any CPU = Debug|Any CPU
		Release|Any CPU = Release|Any CPU
	EndGlobalSection
	GlobalSection(ProjectConfigurationPlatforms) = postSolution
		{6B98C494-3D18-4DA2-ABBB-B85294527DFF}.Debug|Any CPU.ActiveCfg = Debug|Any CPU
		{6B98C494-3D18-4DA2-ABBB-B85294527DFF}.Debug|Any CPU.Build.0 = Debug|Any CPU
		{6B98C494-3D18-4DA2-ABBB-B85294527DFF}.Release|Any CPU.ActiveCfg = Release|Any CPU
		{6B98C494-3D18-4DA2-ABBB-B85294527DFF}.Release|Any CPU.Build.0 = Release|Any CPU
	EndGlobalSection
	GlobalSection(SolutionProperties) = preSolution
		HideSolutionNode = FALSE
	EndGlobalSection
	GlobalSection(ExtensibilityGlobals) = postSolution
		SolutionGuid = {395DB91B-E618-4E8C-B91D-BC173D8E7515}
	EndGlobalSection
EndGlobal
